
Microsoft Visual Studio Solution File, Format Version 12.00
# Visual Studio 15
VisualStudioVersion = 15.0.28307.757
MinimumVisualStudioVersion = 10.0.40219.1
Project("{FAE04EC0-301F-11D3-BF4B-00C04F79EFBC}") = "ExcelForce", "ExcelForce\ExcelForce.csproj", "{522F4329-1991-4BF8-BA48-D3FEE6D0C2E5}"
EndProject
Project("{FAE04EC0-301F-11D3-BF4B-00C04F79EFBC}") = "ExcelForce.Business", "EscelForce.Business.Login\ExcelForce.Business.csproj", "{03B5358E-CD65-4FB5-A5FC-A44A87B93B85}"
EndProject
Project("{FAE04EC0-301F-11D3-BF4B-00C04F79EFBC}") = "ExcelForce.Foundation.CoreServices", "ExcelForce.Foundation.CoreServices\ExcelForce.Foundation.CoreServices.csproj", "{D0FE245F-44CB-4D30-A93A-97EC891C2251}"
EndProject
Project("{2150E333-8FDC-42A3-9474-1A3956D46DE8}") = "Foundation", "Foundation", "{666375C8-57B9-4022-B7FA-59E045DBC56E}"
EndProject
Project("{2150E333-8FDC-42A3-9474-1A3956D46DE8}") = "Business", "Business", "{37319F7C-7569-4755-9E3D-2872564CF47D}"
EndProject
Project("{FAE04EC0-301F-11D3-BF4B-00C04F79EFBC}") = "ExcelForce.Foundation.DI", "ExcelForce.Foundation.DI\ExcelForce.Foundation.DI.csproj", "{3ECDA6FD-43BF-4B59-AC83-4D37A9AB7EEA}"
EndProject
Project("{FAE04EC0-301F-11D3-BF4B-00C04F79EFBC}") = "ExcelForce.Foundation.ProfileManagement", "ExcelForce.UserProfile\ExcelForce.Foundation.ProfileManagement.csproj", "{6DAEB12C-447E-4ADA-B2D9-432E81F3C39D}"
EndProject
Project("{FAE04EC0-301F-11D3-BF4B-00C04F79EFBC}") = "ExcelForce.Foundation.Authentication", "ExcelForce.Foundation.Authentication\ExcelForce.Foundation.Authentication.csproj", "{A21C035D-CE32-40B9-ADD1-51458C2F0530}"
EndProject
Project("{FAE04EC0-301F-11D3-BF4B-00C04F79EFBC}") = "ExcelForce.Foundation.EntityManagement", "ExcelForce.Foundation.EntityManagement\ExcelForce.Foundation.EntityManagement.csproj", "{713C7659-54FC-4E1E-B0D6-B92D491E0D83}"
EndProject
Project("{FAE04EC0-301F-11D3-BF4B-00C04F79EFBC}") = "ExcelForce.Foundation.Persistence", "ExcelForce.Foundation.Persistence\ExcelForce.Foundation.Persistence.csproj", "{F7451E8F-5ED8-4F43-B321-05BC371CB54C}"
EndProject
Global
	GlobalSection(SolutionConfigurationPlatforms) = preSolution
		Debug|Any CPU = Debug|Any CPU
		Release|Any CPU = Release|Any CPU
	EndGlobalSection
	GlobalSection(ProjectConfigurationPlatforms) = postSolution
		{522F4329-1991-4BF8-BA48-D3FEE6D0C2E5}.Debug|Any CPU.ActiveCfg = Debug|Any CPU
		{522F4329-1991-4BF8-BA48-D3FEE6D0C2E5}.Debug|Any CPU.Build.0 = Debug|Any CPU
		{522F4329-1991-4BF8-BA48-D3FEE6D0C2E5}.Release|Any CPU.ActiveCfg = Release|Any CPU
		{522F4329-1991-4BF8-BA48-D3FEE6D0C2E5}.Release|Any CPU.Build.0 = Release|Any CPU
		{03B5358E-CD65-4FB5-A5FC-A44A87B93B85}.Debug|Any CPU.ActiveCfg = Debug|Any CPU
		{03B5358E-CD65-4FB5-A5FC-A44A87B93B85}.Debug|Any CPU.Build.0 = Debug|Any CPU
		{03B5358E-CD65-4FB5-A5FC-A44A87B93B85}.Release|Any CPU.ActiveCfg = Release|Any CPU
		{03B5358E-CD65-4FB5-A5FC-A44A87B93B85}.Release|Any CPU.Build.0 = Release|Any CPU
		{D0FE245F-44CB-4D30-A93A-97EC891C2251}.Debug|Any CPU.ActiveCfg = Debug|Any CPU
		{D0FE245F-44CB-4D30-A93A-97EC891C2251}.Debug|Any CPU.Build.0 = Debug|Any CPU
		{D0FE245F-44CB-4D30-A93A-97EC891C2251}.Release|Any CPU.ActiveCfg = Release|Any CPU
		{D0FE245F-44CB-4D30-A93A-97EC891C2251}.Release|Any CPU.Build.0 = Release|Any CPU
		{3ECDA6FD-43BF-4B59-AC83-4D37A9AB7EEA}.Debug|Any CPU.ActiveCfg = Debug|Any CPU
		{3ECDA6FD-43BF-4B59-AC83-4D37A9AB7EEA}.Debug|Any CPU.Build.0 = Debug|Any CPU
		{3ECDA6FD-43BF-4B59-AC83-4D37A9AB7EEA}.Release|Any CPU.ActiveCfg = Release|Any CPU
		{3ECDA6FD-43BF-4B59-AC83-4D37A9AB7EEA}.Release|Any CPU.Build.0 = Release|Any CPU
		{6DAEB12C-447E-4ADA-B2D9-432E81F3C39D}.Debug|Any CPU.ActiveCfg = Debug|Any CPU
		{6DAEB12C-447E-4ADA-B2D9-432E81F3C39D}.Debug|Any CPU.Build.0 = Debug|Any CPU
		{6DAEB12C-447E-4ADA-B2D9-432E81F3C39D}.Release|Any CPU.ActiveCfg = Release|Any CPU
		{6DAEB12C-447E-4ADA-B2D9-432E81F3C39D}.Release|Any CPU.Build.0 = Release|Any CPU
		{A21C035D-CE32-40B9-ADD1-51458C2F0530}.Debug|Any CPU.ActiveCfg = Debug|Any CPU
		{A21C035D-CE32-40B9-ADD1-51458C2F0530}.Debug|Any CPU.Build.0 = Debug|Any CPU
		{A21C035D-CE32-40B9-ADD1-51458C2F0530}.Release|Any CPU.ActiveCfg = Release|Any CPU
		{A21C035D-CE32-40B9-ADD1-51458C2F0530}.Release|Any CPU.Build.0 = Release|Any CPU
		{713C7659-54FC-4E1E-B0D6-B92D491E0D83}.Debug|Any CPU.ActiveCfg = Debug|Any CPU
		{713C7659-54FC-4E1E-B0D6-B92D491E0D83}.Debug|Any CPU.Build.0 = Debug|Any CPU
		{713C7659-54FC-4E1E-B0D6-B92D491E0D83}.Release|Any CPU.ActiveCfg = Release|Any CPU
		{713C7659-54FC-4E1E-B0D6-B92D491E0D83}.Release|Any CPU.Build.0 = Release|Any CPU
		{F7451E8F-5ED8-4F43-B321-05BC371CB54C}.Debug|Any CPU.ActiveCfg = Debug|Any CPU
		{F7451E8F-5ED8-4F43-B321-05BC371CB54C}.Debug|Any CPU.Build.0 = Debug|Any CPU
		{F7451E8F-5ED8-4F43-B321-05BC371CB54C}.Release|Any CPU.ActiveCfg = Release|Any CPU
		{F7451E8F-5ED8-4F43-B321-05BC371CB54C}.Release|Any CPU.Build.0 = Release|Any CPU
	EndGlobalSection
	GlobalSection(SolutionProperties) = preSolution
		HideSolutionNode = FALSE
	EndGlobalSection
	GlobalSection(NestedProjects) = preSolution
		{03B5358E-CD65-4FB5-A5FC-A44A87B93B85} = {37319F7C-7569-4755-9E3D-2872564CF47D}
		{D0FE245F-44CB-4D30-A93A-97EC891C2251} = {666375C8-57B9-4022-B7FA-59E045DBC56E}
		{3ECDA6FD-43BF-4B59-AC83-4D37A9AB7EEA} = {666375C8-57B9-4022-B7FA-59E045DBC56E}
		{6DAEB12C-447E-4ADA-B2D9-432E81F3C39D} = {666375C8-57B9-4022-B7FA-59E045DBC56E}
		{A21C035D-CE32-40B9-ADD1-51458C2F0530} = {666375C8-57B9-4022-B7FA-59E045DBC56E}
		{713C7659-54FC-4E1E-B0D6-B92D491E0D83} = {666375C8-57B9-4022-B7FA-59E045DBC56E}
		{F7451E8F-5ED8-4F43-B321-05BC371CB54C} = {666375C8-57B9-4022-B7FA-59E045DBC56E}
	EndGlobalSection
	GlobalSection(ExtensibilityGlobals) = postSolution
		SolutionGuid = {F258FD4F-E49D-429D-B63D-EC6BD9A81187}
	EndGlobalSection
EndGlobal
